// !$*UTF8*$!
{
	archiveVersion = 1;
	classes = {
	};
	objectVersion = 46;
	objects = {

/* Begin PBXBuildFile section */
		106A4B0F1E7E754C00702FDF /* AppDelegate.swift in Sources */ = {isa = PBXBuildFile; fileRef = 106A4B0E1E7E754C00702FDF /* AppDelegate.swift */; };
		106A4B111E7E754C00702FDF /* HomeController.swift in Sources */ = {isa = PBXBuildFile; fileRef = 106A4B101E7E754C00702FDF /* HomeController.swift */; };
		106A4B141E7E754C00702FDF /* Main.storyboard in Resources */ = {isa = PBXBuildFile; fileRef = 106A4B121E7E754C00702FDF /* Main.storyboard */; };
		106A4B161E7E754C00702FDF /* Assets.xcassets in Resources */ = {isa = PBXBuildFile; fileRef = 106A4B151E7E754C00702FDF /* Assets.xcassets */; };
		106A4B191E7E754C00702FDF /* LaunchScreen.storyboard in Resources */ = {isa = PBXBuildFile; fileRef = 106A4B171E7E754C00702FDF /* LaunchScreen.storyboard */; };
		1D23DAE51E9CBA8D00D5FEB3 /* SettingsLauncher.swift in Sources */ = {isa = PBXBuildFile; fileRef = 1D23DAE41E9CBA8D00D5FEB3 /* SettingsLauncher.swift */; };
		1DA7728E1E9A2E1D0055123B /* Video.swift in Sources */ = {isa = PBXBuildFile; fileRef = 1DA7728D1E9A2E1D0055123B /* Video.swift */; };
		1DB602681EA0875F006D7FFF /* SettingCell.swift in Sources */ = {isa = PBXBuildFile; fileRef = 1DB602671EA0875F006D7FFF /* SettingCell.swift */; };
		1DCF9BCE1E91E1A4008BE66E /* Extensions.swift in Sources */ = {isa = PBXBuildFile; fileRef = 1DCF9BCD1E91E1A4008BE66E /* Extensions.swift */; };
		1DCF9BD11E91E266008BE66E /* VideoCell.swift in Sources */ = {isa = PBXBuildFile; fileRef = 1DCF9BD01E91E266008BE66E /* VideoCell.swift */; };
		1DCF9BD41E91E942008BE66E /* MenuBar.swift in Sources */ = {isa = PBXBuildFile; fileRef = 1DCF9BD31E91E942008BE66E /* MenuBar.swift */; };
		1DF8E85C1EA890C000D2DF6C /* ApiService.swift in Sources */ = {isa = PBXBuildFile; fileRef = 1DF8E85B1EA890C000D2DF6C /* ApiService.swift */; };
/* End PBXBuildFile section */

/* Begin PBXFileReference section */
		106A4B0B1E7E754C00702FDF /* Youtube.app */ = {isa = PBXFileReference; explicitFileType = wrapper.application; includeInIndex = 0; path = Youtube.app; sourceTree = BUILT_PRODUCTS_DIR; };
		106A4B0E1E7E754C00702FDF /* AppDelegate.swift */ = {isa = PBXFileReference; lastKnownFileType = sourcecode.swift; path = AppDelegate.swift; sourceTree = "<group>"; };
		106A4B101E7E754C00702FDF /* HomeController.swift */ = {isa = PBXFileReference; lastKnownFileType = sourcecode.swift; path = HomeController.swift; sourceTree = "<group>"; };
		106A4B131E7E754C00702FDF /* Base */ = {isa = PBXFileReference; lastKnownFileType = file.storyboard; name = Base; path = Base.lproj/Main.storyboard; sourceTree = "<group>"; };
		106A4B151E7E754C00702FDF /* Assets.xcassets */ = {isa = PBXFileReference; lastKnownFileType = folder.assetcatalog; path = Assets.xcassets; sourceTree = "<group>"; };
		106A4B181E7E754C00702FDF /* Base */ = {isa = PBXFileReference; lastKnownFileType = file.storyboard; name = Base; path = Base.lproj/LaunchScreen.storyboard; sourceTree = "<group>"; };
		106A4B1A1E7E754C00702FDF /* Info.plist */ = {isa = PBXFileReference; lastKnownFileType = text.plist.xml; path = Info.plist; sourceTree = "<group>"; };
		1D23DAE41E9CBA8D00D5FEB3 /* SettingsLauncher.swift */ = {isa = PBXFileReference; fileEncoding = 4; lastKnownFileType = sourcecode.swift; path = SettingsLauncher.swift; sourceTree = "<group>"; };
		1DA7728D1E9A2E1D0055123B /* Video.swift */ = {isa = PBXFileReference; fileEncoding = 4; lastKnownFileType = sourcecode.swift; path = Video.swift; sourceTree = "<group>"; };
		1DB602671EA0875F006D7FFF /* SettingCell.swift */ = {isa = PBXFileReference; fileEncoding = 4; lastKnownFileType = sourcecode.swift; path = SettingCell.swift; sourceTree = "<group>"; };
		1DCF9BCD1E91E1A4008BE66E /* Extensions.swift */ = {isa = PBXFileReference; fileEncoding = 4; lastKnownFileType = sourcecode.swift; path = Extensions.swift; sourceTree = "<group>"; };
		1DCF9BD01E91E266008BE66E /* VideoCell.swift */ = {isa = PBXFileReference; fileEncoding = 4; lastKnownFileType = sourcecode.swift; path = VideoCell.swift; sourceTree = "<group>"; };
		1DCF9BD31E91E942008BE66E /* MenuBar.swift */ = {isa = PBXFileReference; fileEncoding = 4; lastKnownFileType = sourcecode.swift; path = MenuBar.swift; sourceTree = "<group>"; };
		1DF8E85B1EA890C000D2DF6C /* ApiService.swift */ = {isa = PBXFileReference; fileEncoding = 4; lastKnownFileType = sourcecode.swift; path = ApiService.swift; sourceTree = "<group>"; };
/* End PBXFileReference section */

/* Begin PBXFrameworksBuildPhase section */
		106A4B081E7E754C00702FDF /* Frameworks */ = {
			isa = PBXFrameworksBuildPhase;
			buildActionMask = 2147483647;
			files = (
			);
			runOnlyForDeploymentPostprocessing = 0;
		};
/* End PBXFrameworksBuildPhase section */

/* Begin PBXGroup section */
		106A4B021E7E754C00702FDF = {
			isa = PBXGroup;
			children = (
				106A4B0D1E7E754C00702FDF /* Youtube */,
				106A4B0C1E7E754C00702FDF /* Products */,
			);
			sourceTree = "<group>";
		};
		106A4B0C1E7E754C00702FDF /* Products */ = {
			isa = PBXGroup;
			children = (
				106A4B0B1E7E754C00702FDF /* Youtube.app */,
			);
			name = Products;
			sourceTree = "<group>";
		};
		106A4B0D1E7E754C00702FDF /* Youtube */ = {
			isa = PBXGroup;
			children = (
				1DF8E85A1EA890A400D2DF6C /* APIService */,
				1DA7728C1E9A2E0C0055123B /* Model */,
				1DCF9BD21E91E45D008BE66E /* ViewControllers */,
				1DCF9BCF1E91E256008BE66E /* Views */,
				1DCF9BCC1E91E197008BE66E /* Helpers */,
				106A4B0E1E7E754C00702FDF /* AppDelegate.swift */,
				106A4B121E7E754C00702FDF /* Main.storyboard */,
				106A4B151E7E754C00702FDF /* Assets.xcassets */,
				106A4B171E7E754C00702FDF /* LaunchScreen.storyboard */,
				106A4B1A1E7E754C00702FDF /* Info.plist */,
			);
			path = Youtube;
			sourceTree = "<group>";
		};
		1DA7728C1E9A2E0C0055123B /* Model */ = {
			isa = PBXGroup;
			children = (
				1DA7728D1E9A2E1D0055123B /* Video.swift */,
			);
			name = Model;
			sourceTree = "<group>";
		};
		1DCF9BCC1E91E197008BE66E /* Helpers */ = {
			isa = PBXGroup;
			children = (
				1DCF9BCD1E91E1A4008BE66E /* Extensions.swift */,
			);
			name = Helpers;
			sourceTree = "<group>";
		};
		1DCF9BCF1E91E256008BE66E /* Views */ = {
			isa = PBXGroup;
			children = (
				1DCF9BD01E91E266008BE66E /* VideoCell.swift */,
				1DCF9BD31E91E942008BE66E /* MenuBar.swift */,
				1DB602671EA0875F006D7FFF /* SettingCell.swift */,
			);
			name = Views;
			sourceTree = "<group>";
		};
		1DCF9BD21E91E45D008BE66E /* ViewControllers */ = {
			isa = PBXGroup;
			children = (
				106A4B101E7E754C00702FDF /* HomeController.swift */,
				1D23DAE41E9CBA8D00D5FEB3 /* SettingsLauncher.swift */,
			);
			name = ViewControllers;
			sourceTree = "<group>";
		};
		1DF8E85A1EA890A400D2DF6C /* APIService */ = {
			isa = PBXGroup;
			children = (
				1DF8E85B1EA890C000D2DF6C /* ApiService.swift */,
			);
			name = APIService;
			sourceTree = "<group>";
		};
/* End PBXGroup section */

/* Begin PBXNativeTarget section */
		106A4B0A1E7E754C00702FDF /* Youtube */ = {
			isa = PBXNativeTarget;
			buildConfigurationList = 106A4B1D1E7E754C00702FDF /* Build configuration list for PBXNativeTarget "Youtube" */;
			buildPhases = (
				106A4B071E7E754C00702FDF /* Sources */,
				106A4B081E7E754C00702FDF /* Frameworks */,
				106A4B091E7E754C00702FDF /* Resources */,
			);
			buildRules = (
			);
			dependencies = (
			);
			name = Youtube;
			productName = Youtube;
			productReference = 106A4B0B1E7E754C00702FDF /* Youtube.app */;
			productType = "com.apple.product-type.application";
		};
/* End PBXNativeTarget section */

/* Begin PBXProject section */
		106A4B031E7E754C00702FDF /* Project object */ = {
			isa = PBXProject;
			attributes = {
				LastSwiftUpdateCheck = 0820;
				LastUpgradeCheck = 0820;
				ORGANIZATIONNAME = Mitchell;
				TargetAttributes = {
					106A4B0A1E7E754C00702FDF = {
						CreatedOnToolsVersion = 8.2.1;
						ProvisioningStyle = Automatic;
					};
				};
			};
			buildConfigurationList = 106A4B061E7E754C00702FDF /* Build configuration list for PBXProject "Youtube" */;
			compatibilityVersion = "Xcode 3.2";
			developmentRegion = English;
			hasScannedForEncodings = 0;
			knownRegions = (
				en,
				Base,
			);
			mainGroup = 106A4B021E7E754C00702FDF;
			productRefGroup = 106A4B0C1E7E754C00702FDF /* Products */;
			projectDirPath = "";
			projectRoot = "";
			targets = (
				106A4B0A1E7E754C00702FDF /* Youtube */,
			);
		};
/* End PBXProject section */

/* Begin PBXResourcesBuildPhase section */
		106A4B091E7E754C00702FDF /* Resources */ = {
			isa = PBXResourcesBuildPhase;
			buildActionMask = 2147483647;
			files = (
				106A4B191E7E754C00702FDF /* LaunchScreen.storyboard in Resources */,
				106A4B161E7E754C00702FDF /* Assets.xcassets in Resources */,
				106A4B141E7E754C00702FDF /* Main.storyboard in Resources */,
			);
			runOnlyForDeploymentPostprocessing = 0;
		};
/* End PBXResourcesBuildPhase section */

/* Begin PBXSourcesBuildPhase section */
		106A4B071E7E754C00702FDF /* Sources */ = {
			isa = PBXSourcesBuildPhase;
			buildActionMask = 2147483647;
			files = (
				106A4B111E7E754C00702FDF /* HomeController.swift in Sources */,
				1DA7728E1E9A2E1D0055123B /* Video.swift in Sources */,
				1DB602681EA0875F006D7FFF /* SettingCell.swift in Sources */,
				1DCF9BD11E91E266008BE66E /* VideoCell.swift in Sources */,
				1D23DAE51E9CBA8D00D5FEB3 /* SettingsLauncher.swift in Sources */,
				1DF8E85C1EA890C000D2DF6C /* ApiService.swift in Sources */,
				1DCF9BCE1E91E1A4008BE66E /* Extensions.swift in Sources */,
				106A4B0F1E7E754C00702FDF /* AppDelegate.swift in Sources */,
				1DCF9BD41E91E942008BE66E /* MenuBar.swift in Sources */,
			);
			runOnlyForDeploymentPostprocessing = 0;
		};
/* End PBXSourcesBuildPhase section */

/* Begin PBXVariantGroup section */
		106A4B121E7E754C00702FDF /* Main.storyboard */ = {
			isa = PBXVariantGroup;
			children = (
				106A4B131E7E754C00702FDF /* Base */,
			);
			name = Main.storyboard;
			sourceTree = "<group>";
		};
		106A4B171E7E754C00702FDF /* LaunchScreen.storyboard */ = {
			isa = PBXVariantGroup;
			children = (
				106A4B181E7E754C00702FDF /* Base */,
			);
			name = LaunchScreen.storyboard;
			sourceTree = "<group>";
		};
/* End PBXVariantGroup section */

/* Begin XCBuildConfiguration section */
		106A4B1B1E7E754C00702FDF /* Debug */ = {
			isa = XCBuildConfiguration;
			buildSettings = {
				ALWAYS_SEARCH_USER_PATHS = NO;
				CLANG_ANALYZER_NONNULL = YES;
				CLANG_CXX_LANGUAGE_STANDARD = "gnu++0x";
				CLANG_CXX_LIBRARY = "libc++";
				CLANG_ENABLE_MODULES = YES;
				CLANG_ENABLE_OBJC_ARC = YES;
				CLANG_WARN_BOOL_CONVERSION = YES;
				CLANG_WARN_CONSTANT_CONVERSION = YES;
				CLANG_WARN_DIRECT_OBJC_ISA_USAGE = YES_ERROR;
				CLANG_WARN_DOCUMENTATION_COMMENTS = YES;
				CLANG_WARN_EMPTY_BODY = YES;
				CLANG_WARN_ENUM_CONVERSION = YES;
				CLANG_WARN_INFINITE_RECURSION = YES;
				CLANG_WARN_INT_CONVERSION = YES;
				CLANG_WARN_OBJC_ROOT_CLASS = YES_ERROR;
				CLANG_WARN_SUSPICIOUS_MOVE = YES;
				CLANG_WARN_UNREACHABLE_CODE = YES;
				CLANG_WARN__DUPLICATE_METHOD_MATCH = YES;
				"CODE_SIGN_IDENTITY[sdk=iphoneos*]" = "iPhone Developer";
				COPY_PHASE_STRIP = NO;
				DEBUG_INFORMATION_FORMAT = dwarf;
				ENABLE_STRICT_OBJC_MSGSEND = YES;
				ENABLE_TESTABILITY = YES;
				GCC_C_LANGUAGE_STANDARD = gnu99;
				GCC_DYNAMIC_NO_PIC = NO;
				GCC_NO_COMMON_BLOCKS = YES;
				GCC_OPTIMIZATION_LEVEL = 0;
				GCC_PREPROCESSOR_DEFINITIONS = (
					"DEBUG=1",
					"$(inherited)",
				);
				GCC_WARN_64_TO_32_BIT_CONVERSION = YES;
				GCC_WARN_ABOUT_RETURN_TYPE = YES_ERROR;
				GCC_WARN_UNDECLARED_SELECTOR = YES;
				GCC_WARN_UNINITIALIZED_AUTOS = YES_AGGRESSIVE;
				GCC_WARN_UNUSED_FUNCTION = YES;
				GCC_WARN_UNUSED_VARIABLE = YES;
				IPHONEOS_DEPLOYMENT_TARGET = 10.2;
				MTL_ENABLE_DEBUG_INFO = YES;
				ONLY_ACTIVE_ARCH = YES;
				SDKROOT = iphoneos;
				SWIFT_ACTIVE_COMPILATION_CONDITIONS = DEBUG;
				SWIFT_OPTIMIZATION_LEVEL = "-Onone";
				TARGETED_DEVICE_FAMILY = "1,2";
			};
			name = Debug;
		};
		106A4B1C1E7E754C00702FDF /* Release */ = {
			isa = XCBuildConfiguration;
			buildSettings = {
				ALWAYS_SEARCH_USER_PATHS = NO;
				CLANG_ANALYZER_NONNULL = YES;
				CLANG_CXX_LANGUAGE_STANDARD = "gnu++0x";
				CLANG_CXX_LIBRARY = "libc++";
				CLANG_ENABLE_MODULES = YES;
				CLANG_ENABLE_OBJC_ARC = YES;
				CLANG_WARN_BOOL_CONVERSION = YES;
				CLANG_WARN_CONSTANT_CONVERSION = YES;
				CLANG_WARN_DIRECT_OBJC_ISA_USAGE = YES_ERROR;
				CLANG_WARN_DOCUMENTATION_COMMENTS = YES;
				CLANG_WARN_EMPTY_BODY = YES;
				CLANG_WARN_ENUM_CONVERSION = YES;
				CLANG_WARN_INFINITE_RECURSION = YES;
				CLANG_WARN_INT_CONVERSION = YES;
				CLANG_WARN_OBJC_ROOT_CLASS = YES_ERROR;
				CLANG_WARN_SUSPICIOUS_MOVE = YES;
				CLANG_WARN_UNREACHABLE_CODE = YES;
				CLANG_WARN__DUPLICATE_METHOD_MATCH = YES;
				"CODE_SIGN_IDENTITY[sdk=iphoneos*]" = "iPhone Developer";
				COPY_PHASE_STRIP = NO;
				DEBUG_INFORMATION_FORMAT = "dwarf-with-dsym";
				ENABLE_NS_ASSERTIONS = NO;
				ENABLE_STRICT_OBJC_MSGSEND = YES;
				GCC_C_LANGUAGE_STANDARD = gnu99;
				GCC_NO_COMMON_BLOCKS = YES;
				GCC_WARN_64_TO_32_BIT_CONVERSION = YES;
				GCC_WARN_ABOUT_RETURN_TYPE = YES_ERROR;
				GCC_WARN_UNDECLARED_SELECTOR = YES;
				GCC_WARN_UNINITIALIZED_AUTOS = YES_AGGRESSIVE;
				GCC_WARN_UNUSED_FUNCTION = YES;
				GCC_WARN_UNUSED_VARIABLE = YES;
				IPHONEOS_DEPLOYMENT_TARGET = 10.2;
				MTL_ENABLE_DEBUG_INFO = NO;
				SDKROOT = iphoneos;
				SWIFT_OPTIMIZATION_LEVEL = "-Owholemodule";
				TARGETED_DEVICE_FAMILY = "1,2";
				VALIDATE_PRODUCT = YES;
			};
			name = Release;
		};
		106A4B1E1E7E754C00702FDF /* Debug */ = {
			isa = XCBuildConfiguration;
			buildSettings = {
				ASSETCATALOG_COMPILER_APPICON_NAME = AppIcon;
				INFOPLIST_FILE = Youtube/Info.plist;
				LD_RUNPATH_SEARCH_PATHS = "$(inherited) @executable_path/Frameworks";
				PRODUCT_BUNDLE_IDENTIFIER = Mitchell.Youtube;
				PRODUCT_NAME = "$(TARGET_NAME)";
				SWIFT_VERSION = 3.0;
			};
			name = Debug;
		};
		106A4B1F1E7E754C00702FDF /* Release */ = {
			isa = XCBuildConfiguration;
			buildSettings = {
				ASSETCATALOG_COMPILER_APPICON_NAME = AppIcon;
				INFOPLIST_FILE = Youtube/Info.plist;
				LD_RUNPATH_SEARCH_PATHS = "$(inherited) @executable_path/Frameworks";
				PRODUCT_BUNDLE_IDENTIFIER = Mitchell.Youtube;
				PRODUCT_NAME = "$(TARGET_NAME)";
				SWIFT_VERSION = 3.0;
			};
			name = Release;
		};
/* End XCBuildConfiguration section */

/* Begin XCConfigurationList section */
		106A4B061E7E754C00702FDF /* Build configuration list for PBXProject "Youtube" */ = {
			isa = XCConfigurationList;
			buildConfigurations = (
				106A4B1B1E7E754C00702FDF /* Debug */,
				106A4B1C1E7E754C00702FDF /* Release */,
			);
			defaultConfigurationIsVisible = 0;
			defaultConfigurationName = Release;
		};
		106A4B1D1E7E754C00702FDF /* Build configuration list for PBXNativeTarget "Youtube" */ = {
			isa = XCConfigurationList;
			buildConfigurations = (
				106A4B1E1E7E754C00702FDF /* Debug */,
				106A4B1F1E7E754C00702FDF /* Release */,
			);
			defaultConfigurationIsVisible = 0;
			defaultConfigurationName = Release;
		};
/* End XCConfigurationList section */
	};
	rootObject = 106A4B031E7E754C00702FDF /* Project object */;
}
